// !$*UTF8*$!
{
	archiveVersion = 1;
	classes = {
	};
	objectVersion = 48;
	objects = {

/* Begin PBXBuildFile section */
		37B959501FDA458E00CED0EE /* AppDelegate.swift in Sources */ = {isa = PBXBuildFile; fileRef = 37B9594F1FDA458E00CED0EE /* AppDelegate.swift */; };
		37B959521FDA458E00CED0EE /* ViewController.swift in Sources */ = {isa = PBXBuildFile; fileRef = 37B959511FDA458E00CED0EE /* ViewController.swift */; };
		37B959551FDA458E00CED0EE /* Main.storyboard in Resources */ = {isa = PBXBuildFile; fileRef = 37B959531FDA458E00CED0EE /* Main.storyboard */; };
		37B959581FDA458E00CED0EE /* Journals.xcdatamodeld in Sources */ = {isa = PBXBuildFile; fileRef = 37B959561FDA458E00CED0EE /* Journals.xcdatamodeld */; };
		37B9595A1FDA458E00CED0EE /* Assets.xcassets in Resources */ = {isa = PBXBuildFile; fileRef = 37B959591FDA458E00CED0EE /* Assets.xcassets */; };
		37B9595D1FDA458E00CED0EE /* LaunchScreen.storyboard in Resources */ = {isa = PBXBuildFile; fileRef = 37B9595B1FDA458E00CED0EE /* LaunchScreen.storyboard */; };
/* End PBXBuildFile section */

/* Begin PBXFileReference section */
		37B9594C1FDA458E00CED0EE /* Journals.app */ = {isa = PBXFileReference; explicitFileType = wrapper.application; includeInIndex = 0; path = Journals.app; sourceTree = BUILT_PRODUCTS_DIR; };
		37B9594F1FDA458E00CED0EE /* AppDelegate.swift */ = {isa = PBXFileReference; lastKnownFileType = sourcecode.swift; path = AppDelegate.swift; sourceTree = "<group>"; };
		37B959511FDA458E00CED0EE /* ViewController.swift */ = {isa = PBXFileReference; lastKnownFileType = sourcecode.swift; path = ViewController.swift; sourceTree = "<group>"; };
		37B959541FDA458E00CED0EE /* Base */ = {isa = PBXFileReference; lastKnownFileType = file.storyboard; name = Base; path = Base.lproj/Main.storyboard; sourceTree = "<group>"; };
		37B959571FDA458E00CED0EE /* Journals.xcdatamodel */ = {isa = PBXFileReference; lastKnownFileType = wrapper.xcdatamodel; path = Journals.xcdatamodel; sourceTree = "<group>"; };
		37B959591FDA458E00CED0EE /* Assets.xcassets */ = {isa = PBXFileReference; lastKnownFileType = folder.assetcatalog; path = Assets.xcassets; sourceTree = "<group>"; };
		37B9595C1FDA458E00CED0EE /* Base */ = {isa = PBXFileReference; lastKnownFileType = file.storyboard; name = Base; path = Base.lproj/LaunchScreen.storyboard; sourceTree = "<group>"; };
		37B9595E1FDA458E00CED0EE /* Info.plist */ = {isa = PBXFileReference; lastKnownFileType = text.plist.xml; path = Info.plist; sourceTree = "<group>"; };
/* End PBXFileReference section */

/* Begin PBXFrameworksBuildPhase section */
		37B959491FDA458E00CED0EE /* Frameworks */ = {
			isa = PBXFrameworksBuildPhase;
			buildActionMask = 2147483647;
			files = (
			);
			runOnlyForDeploymentPostprocessing = 0;
		};
/* End PBXFrameworksBuildPhase section */

/* Begin PBXGroup section */
		37B959431FDA458E00CED0EE = {
			isa = PBXGroup;
			children = (
				37B9594E1FDA458E00CED0EE /* Journals */,
				37B9594D1FDA458E00CED0EE /* Products */,
			);
			sourceTree = "<group>";
		};
		37B9594D1FDA458E00CED0EE /* Products */ = {
			isa = PBXGroup;
			children = (
				37B9594C1FDA458E00CED0EE /* Journals.app */,
			);
			name = Products;
			sourceTree = "<group>";
		};
		37B9594E1FDA458E00CED0EE /* Journals */ = {
			isa = PBXGroup;
			children = (
				37B9594F1FDA458E00CED0EE /* AppDelegate.swift */,
				37B959511FDA458E00CED0EE /* ViewController.swift */,
				37B959531FDA458E00CED0EE /* Main.storyboard */,
				37B959591FDA458E00CED0EE /* Assets.xcassets */,
				37B9595B1FDA458E00CED0EE /* LaunchScreen.storyboard */,
				37B9595E1FDA458E00CED0EE /* Info.plist */,
				37B959561FDA458E00CED0EE /* Journals.xcdatamodeld */,
			);
			path = Journals;
			sourceTree = "<group>";
		};
/* End PBXGroup section */

/* Begin PBXNativeTarget section */
		37B9594B1FDA458E00CED0EE /* Journals */ = {
			isa = PBXNativeTarget;
			buildConfigurationList = 37B959611FDA458E00CED0EE /* Build configuration list for PBXNativeTarget "Journals" */;
			buildPhases = (
				37B959481FDA458E00CED0EE /* Sources */,
				37B959491FDA458E00CED0EE /* Frameworks */,
				37B9594A1FDA458E00CED0EE /* Resources */,
			);
			buildRules = (
			);
			dependencies = (
			);
			name = Journals;
			productName = Journals;
			productReference = 37B9594C1FDA458E00CED0EE /* Journals.app */;
			productType = "com.apple.product-type.application";
		};
/* End PBXNativeTarget section */

/* Begin PBXProject section */
		37B959441FDA458E00CED0EE /* Project object */ = {
			isa = PBXProject;
			attributes = {
				LastSwiftUpdateCheck = 0910;
				LastUpgradeCheck = 0910;
				ORGANIZATIONNAME = "Jui-hsin.Chen";
				TargetAttributes = {
					37B9594B1FDA458E00CED0EE = {
						CreatedOnToolsVersion = 9.1;
						ProvisioningStyle = Automatic;
					};
				};
			};
			buildConfigurationList = 37B959471FDA458E00CED0EE /* Build configuration list for PBXProject "Journals" */;
			compatibilityVersion = "Xcode 8.0";
			developmentRegion = en;
			hasScannedForEncodings = 0;
			knownRegions = (
				en,
				Base,
			);
			mainGroup = 37B959431FDA458E00CED0EE;
			productRefGroup = 37B9594D1FDA458E00CED0EE /* Products */;
			projectDirPath = "";
			projectRoot = "";
			targets = (
				37B9594B1FDA458E00CED0EE /* Journals */,
			);
		};
/* End PBXProject section */

/* Begin PBXResourcesBuildPhase section */
		37B9594A1FDA458E00CED0EE /* Resources */ = {
			isa = PBXResourcesBuildPhase;
			buildActionMask = 2147483647;
			files = (
				37B9595D1FDA458E00CED0EE /* LaunchScreen.storyboard in Resources */,
				37B9595A1FDA458E00CED0EE /* Assets.xcassets in Resources */,
				37B959551FDA458E00CED0EE /* Main.storyboard in Resources */,
			);
			runOnlyForDeploymentPostprocessing = 0;
		};
/* End PBXResourcesBuildPhase section */

/* Begin PBXSourcesBuildPhase section */
		37B959481FDA458E00CED0EE /* Sources */ = {
			isa = PBXSourcesBuildPhase;
			buildActionMask = 2147483647;
			files = (
				37B959581FDA458E00CED0EE /* Journals.xcdatamodeld in Sources */,
				37B959521FDA458E00CED0EE /* ViewController.swift in Sources */,
				37B959501FDA458E00CED0EE /* AppDelegate.swift in Sources */,
			);
			runOnlyForDeploymentPostprocessing = 0;
		};
/* End PBXSourcesBuildPhase section */

/* Begin PBXVariantGroup section */
		37B959531FDA458E00CED0EE /* Main.storyboard */ = {
			isa = PBXVariantGroup;
			children = (
				37B959541FDA458E00CED0EE /* Base */,
			);
			name = Main.storyboard;
			sourceTree = "<group>";
		};
		37B9595B1FDA458E00CED0EE /* LaunchScreen.storyboard */ = {
			isa = PBXVariantGroup;
			children = (
				37B9595C1FDA458E00CED0EE /* Base */,
			);
			name = LaunchScreen.storyboard;
			sourceTree = "<group>";
		};
/* End PBXVariantGroup section */

/* Begin XCBuildConfiguration section */
		37B9595F1FDA458E00CED0EE /* Debug */ = {
			isa = XCBuildConfiguration;
			buildSettings = {
				ALWAYS_SEARCH_USER_PATHS = NO;
				CLANG_ANALYZER_NONNULL = YES;
				CLANG_ANALYZER_NUMBER_OBJECT_CONVERSION = YES_AGGRESSIVE;
				CLANG_CXX_LANGUAGE_STANDARD = "gnu++14";
				CLANG_CXX_LIBRARY = "libc++";
				CLANG_ENABLE_MODULES = YES;
				CLANG_ENABLE_OBJC_ARC = YES;
				CLANG_WARN_BLOCK_CAPTURE_AUTORELEASING = YES;
				CLANG_WARN_BOOL_CONVERSION = YES;
				CLANG_WARN_COMMA = YES;
				CLANG_WARN_CONSTANT_CONVERSION = YES;
				CLANG_WARN_DIRECT_OBJC_ISA_USAGE = YES_ERROR;
				CLANG_WARN_DOCUMENTATION_COMMENTS = YES;
				CLANG_WARN_EMPTY_BODY = YES;
				CLANG_WARN_ENUM_CONVERSION = YES;
				CLANG_WARN_INFINITE_RECURSION = YES;
				CLANG_WARN_INT_CONVERSION = YES;
				CLANG_WARN_NON_LITERAL_NULL_CONVERSION = YES;
				CLANG_WARN_OBJC_LITERAL_CONVERSION = YES;
				CLANG_WARN_OBJC_ROOT_CLASS = YES_ERROR;
				CLANG_WARN_RANGE_LOOP_ANALYSIS = YES;
				CLANG_WARN_STRICT_PROTOTYPES = YES;
				CLANG_WARN_SUSPICIOUS_MOVE = YES;
				CLANG_WARN_UNGUARDED_AVAILABILITY = YES_AGGRESSIVE;
				CLANG_WARN_UNREACHABLE_CODE = YES;
				CLANG_WARN__DUPLICATE_METHOD_MATCH = YES;
				CODE_SIGN_IDENTITY = "iPhone Developer";
				COPY_PHASE_STRIP = NO;
				DEBUG_INFORMATION_FORMAT = dwarf;
				ENABLE_STRICT_OBJC_MSGSEND = YES;
				ENABLE_TESTABILITY = YES;
				GCC_C_LANGUAGE_STANDARD = gnu11;
				GCC_DYNAMIC_NO_PIC = NO;
				GCC_NO_COMMON_BLOCKS = YES;
				GCC_OPTIMIZATION_LEVEL = 0;
				GCC_PREPROCESSOR_DEFINITIONS = (
					"DEBUG=1",
					"$(inherited)",
				);
				GCC_WARN_64_TO_32_BIT_CONVERSION = YES;
				GCC_WARN_ABOUT_RETURN_TYPE = YES_ERROR;
				GCC_WARN_UNDECLARED_SELECTOR = YES;
				GCC_WARN_UNINITIALIZED_AUTOS = YES_AGGRESSIVE;
				GCC_WARN_UNUSED_FUNCTION = YES;
				GCC_WARN_UNUSED_VARIABLE = YES;
				IPHONEOS_DEPLOYMENT_TARGET = 11.1;
				MTL_ENABLE_DEBUG_INFO = YES;
				ONLY_ACTIVE_ARCH = YES;
				SDKROOT = iphoneos;
				SWIFT_ACTIVE_COMPILATION_CONDITIONS = DEBUG;
				SWIFT_OPTIMIZATION_LEVEL = "-Onone";
			};
			name = Debug;
		};
		37B959601FDA458E00CED0EE /* Release */ = {
			isa = XCBuildConfiguration;
			buildSettings = {
				ALWAYS_SEARCH_USER_PATHS = NO;
				CLANG_ANALYZER_NONNULL = YES;
				CLANG_ANALYZER_NUMBER_OBJECT_CONVERSION = YES_AGGRESSIVE;
				CLANG_CXX_LANGUAGE_STANDARD = "gnu++14";
				CLANG_CXX_LIBRARY = "libc++";
				CLANG_ENABLE_MODULES = YES;
				CLANG_ENABLE_OBJC_ARC = YES;
				CLANG_WARN_BLOCK_CAPTURE_AUTORELEASING = YES;
				CLANG_WARN_BOOL_CONVERSION = YES;
				CLANG_WARN_COMMA = YES;
				CLANG_WARN_CONSTANT_CONVERSION = YES;
				CLANG_WARN_DIRECT_OBJC_ISA_USAGE = YES_ERROR;
				CLANG_WARN_DOCUMENTATION_COMMENTS = YES;
				CLANG_WARN_EMPTY_BODY = YES;
				CLANG_WARN_ENUM_CONVERSION = YES;
				CLANG_WARN_INFINITE_RECURSION = YES;
				CLANG_WARN_INT_CONVERSION = YES;
				CLANG_WARN_NON_LITERAL_NULL_CONVERSION = YES;
				CLANG_WARN_OBJC_LITERAL_CONVERSION = YES;
				CLANG_WARN_OBJC_ROOT_CLASS = YES_ERROR;
				CLANG_WARN_RANGE_LOOP_ANALYSIS = YES;
				CLANG_WARN_STRICT_PROTOTYPES = YES;
				CLANG_WARN_SUSPICIOUS_MOVE = YES;
				CLANG_WARN_UNGUARDED_AVAILABILITY = YES_AGGRESSIVE;
				CLANG_WARN_UNREACHABLE_CODE = YES;
				CLANG_WARN__DUPLICATE_METHOD_MATCH = YES;
				CODE_SIGN_IDENTITY = "iPhone Developer";
				COPY_PHASE_STRIP = NO;
				DEBUG_INFORMATION_FORMAT = "dwarf-with-dsym";
				ENABLE_NS_ASSERTIONS = NO;
				ENABLE_STRICT_OBJC_MSGSEND = YES;
				GCC_C_LANGUAGE_STANDARD = gnu11;
				GCC_NO_COMMON_BLOCKS = YES;
				GCC_WARN_64_TO_32_BIT_CONVERSION = YES;
				GCC_WARN_ABOUT_RETURN_TYPE = YES_ERROR;
				GCC_WARN_UNDECLARED_SELECTOR = YES;
				GCC_WARN_UNINITIALIZED_AUTOS = YES_AGGRESSIVE;
				GCC_WARN_UNUSED_FUNCTION = YES;
				GCC_WARN_UNUSED_VARIABLE = YES;
				IPHONEOS_DEPLOYMENT_TARGET = 11.1;
				MTL_ENABLE_DEBUG_INFO = NO;
				SDKROOT = iphoneos;
				SWIFT_OPTIMIZATION_LEVEL = "-Owholemodule";
				VALIDATE_PRODUCT = YES;
			};
			name = Release;
		};
		37B959621FDA458E00CED0EE /* Debug */ = {
			isa = XCBuildConfiguration;
			buildSettings = {
				ASSETCATALOG_COMPILER_APPICON_NAME = AppIcon;
				CODE_SIGN_STYLE = Automatic;
				DEVELOPMENT_TEAM = LFXX36W2L6;
				INFOPLIST_FILE = Journals/Info.plist;
				LD_RUNPATH_SEARCH_PATHS = "$(inherited) @executable_path/Frameworks";
				PRODUCT_BUNDLE_IDENTIFIER = com.hsin.chen.Journals;
				PRODUCT_NAME = "$(TARGET_NAME)";
				SWIFT_VERSION = 4.0;
				TARGETED_DEVICE_FAMILY = "1,2";
			};
			name = Debug;
		};
		37B959631FDA458E00CED0EE /* Release */ = {
			isa = XCBuildConfiguration;
			buildSettings = {
				ASSETCATALOG_COMPILER_APPICON_NAME = AppIcon;
				CODE_SIGN_STYLE = Automatic;
				DEVELOPMENT_TEAM = LFXX36W2L6;
				INFOPLIST_FILE = Journals/Info.plist;
				LD_RUNPATH_SEARCH_PATHS = "$(inherited) @executable_path/Frameworks";
				PRODUCT_BUNDLE_IDENTIFIER = com.hsin.chen.Journals;
				PRODUCT_NAME = "$(TARGET_NAME)";
				SWIFT_VERSION = 4.0;
				TARGETED_DEVICE_FAMILY = "1,2";
			};
			name = Release;
		};
/* End XCBuildConfiguration section */

/* Begin XCConfigurationList section */
		37B959471FDA458E00CED0EE /* Build configuration list for PBXProject "Journals" */ = {
			isa = XCConfigurationList;
			buildConfigurations = (
				37B9595F1FDA458E00CED0EE /* Debug */,
				37B959601FDA458E00CED0EE /* Release */,
			);
			defaultConfigurationIsVisible = 0;
			defaultConfigurationName = Release;
		};
		37B959611FDA458E00CED0EE /* Build configuration list for PBXNativeTarget "Journals" */ = {
			isa = XCConfigurationList;
			buildConfigurations = (
				37B959621FDA458E00CED0EE /* Debug */,
				37B959631FDA458E00CED0EE /* Release */,
			);
			defaultConfigurationIsVisible = 0;
			defaultConfigurationName = Release;
		};
/* End XCConfigurationList section */

/* Begin XCVersionGroup section */
		37B959561FDA458E00CED0EE /* Journals.xcdatamodeld */ = {
			isa = XCVersionGroup;
			children = (
				37B959571FDA458E00CED0EE /* Journals.xcdatamodel */,
			);
			currentVersion = 37B959571FDA458E00CED0EE /* Journals.xcdatamodel */;
			path = Journals.xcdatamodeld;
			sourceTree = "<group>";
			versionGroupType = wrapper.xcdatamodel;
		};
/* End XCVersionGroup section */
	};
	rootObject = 37B959441FDA458E00CED0EE /* Project object */;
}
